
Microsoft Visual Studio Solution File, Format Version 12.00
# Visual Studio Version 17
VisualStudioVersion = 17.11.35327.3
MinimumVisualStudioVersion = 10.0.40219.1
Project("{FAE04EC0-301F-11D3-BF4B-00C04F79EFBC}") = "SalesWebMvc", "SalesWebMvc\SalesWebMvc.csproj", "{8DC87E43-E3FC-4FAD-9895-20B8B95B6542}"
EndProject
Global
	GlobalSection(SolutionConfigurationPlatforms) = preSolution
		Debug|Any CPU = Debug|Any CPU
		Release|Any CPU = Release|Any CPU
	EndGlobalSection
	GlobalSection(ProjectConfigurationPlatforms) = postSolution
		{8DC87E43-E3FC-4FAD-9895-20B8B95B6542}.Debug|Any CPU.ActiveCfg = Debug|Any CPU
		{8DC87E43-E3FC-4FAD-9895-20B8B95B6542}.Debug|Any CPU.Build.0 = Debug|Any CPU
		{8DC87E43-E3FC-4FAD-9895-20B8B95B6542}.Release|Any CPU.ActiveCfg = Release|Any CPU
		{8DC87E43-E3FC-4FAD-9895-20B8B95B6542}.Release|Any CPU.Build.0 = Release|Any CPU
	EndGlobalSection
	GlobalSection(SolutionProperties) = preSolution
		HideSolutionNode = FALSE
	EndGlobalSection
	GlobalSection(ExtensibilityGlobals) = postSolution
		SolutionGuid = {273E4248-2E55-47DF-92A4-7D12674167A9}
	EndGlobalSection
EndGlobal
